
Microsoft Visual Studio Solution File, Format Version 12.00
# Visual Studio Version 18
VisualStudioVersion = 18.3.11512.155 d18.3
MinimumVisualStudioVersion = 10.0.40219.1
Project("{FAE04EC0-301F-11D3-BF4B-00C04F79EFBC}") = "ArcX-Studio", "ArcX-Studio\ArcX-Studio.csproj", "{4001A544-D805-44CF-8FA6-64C6EAB2241E}"
EndProject
Global
	GlobalSection(SolutionConfigurationPlatforms) = preSolution
		Debug|Any CPU = Debug|Any CPU
		Release|Any CPU = Release|Any CPU
	EndGlobalSection
	GlobalSection(ProjectConfigurationPlatforms) = postSolution
		{4001A544-D805-44CF-8FA6-64C6EAB2241E}.Debug|Any CPU.ActiveCfg = Debug|Any CPU
		{4001A544-D805-44CF-8FA6-64C6EAB2241E}.Debug|Any CPU.Build.0 = Debug|Any CPU
		{4001A544-D805-44CF-8FA6-64C6EAB2241E}.Release|Any CPU.ActiveCfg = Release|Any CPU
		{4001A544-D805-44CF-8FA6-64C6EAB2241E}.Release|Any CPU.Build.0 = Release|Any CPU
	EndGlobalSection
	GlobalSection(SolutionProperties) = preSolution
		HideSolutionNode = FALSE
	EndGlobalSection
	GlobalSection(ExtensibilityGlobals) = postSolution
		SolutionGuid = {29EDCAE8-22CC-40DD-9057-7C266FB95C8C}
	EndGlobalSection
EndGlobal
